
Microsoft Visual Studio Solution File, Format Version 12.00
# Visual Studio Version 17
VisualStudioVersion = 17.9.34723.18
MinimumVisualStudioVersion = 10.0.40219.1
Project("{FAE04EC0-301F-11D3-BF4B-00C04F79EFBC}") = "Ejercicio1Pseudocodigo", "Ejercicio1Pseudocodigo\Ejercicio1Pseudocodigo.csproj", "{A659C6AE-F1CD-472C-B55C-13EAD5093103}"
EndProject
Global
	GlobalSection(SolutionConfigurationPlatforms) = preSolution
		Debug|Any CPU = Debug|Any CPU
		Release|Any CPU = Release|Any CPU
	EndGlobalSection
	GlobalSection(ProjectConfigurationPlatforms) = postSolution
		{A659C6AE-F1CD-472C-B55C-13EAD5093103}.Debug|Any CPU.ActiveCfg = Debug|Any CPU
		{A659C6AE-F1CD-472C-B55C-13EAD5093103}.Debug|Any CPU.Build.0 = Debug|Any CPU
		{A659C6AE-F1CD-472C-B55C-13EAD5093103}.Release|Any CPU.ActiveCfg = Release|Any CPU
		{A659C6AE-F1CD-472C-B55C-13EAD5093103}.Release|Any CPU.Build.0 = Release|Any CPU
	EndGlobalSection
	GlobalSection(SolutionProperties) = preSolution
		HideSolutionNode = FALSE
	EndGlobalSection
	GlobalSection(ExtensibilityGlobals) = postSolution
		SolutionGuid = {77A457E3-62F4-4FD5-BB0C-3922A74AE0CD}
	EndGlobalSection
EndGlobal
