
Microsoft Visual Studio Solution File, Format Version 12.00
# Visual Studio Version 17
VisualStudioVersion = 17.9.34723.18
MinimumVisualStudioVersion = 10.0.40219.1
Project("{FAE04EC0-301F-11D3-BF4B-00C04F79EFBC}") = "Consola", "Consola\Consola.csproj", "{7309A1C5-6C55-407B-899A-6B69AE1D49CB}"
EndProject
Global
	GlobalSection(SolutionConfigurationPlatforms) = preSolution
		Debug|Any CPU = Debug|Any CPU
		Release|Any CPU = Release|Any CPU
	EndGlobalSection
	GlobalSection(ProjectConfigurationPlatforms) = postSolution
		{7309A1C5-6C55-407B-899A-6B69AE1D49CB}.Debug|Any CPU.ActiveCfg = Debug|Any CPU
		{7309A1C5-6C55-407B-899A-6B69AE1D49CB}.Debug|Any CPU.Build.0 = Debug|Any CPU
		{7309A1C5-6C55-407B-899A-6B69AE1D49CB}.Release|Any CPU.ActiveCfg = Release|Any CPU
		{7309A1C5-6C55-407B-899A-6B69AE1D49CB}.Release|Any CPU.Build.0 = Release|Any CPU
	EndGlobalSection
	GlobalSection(SolutionProperties) = preSolution
		HideSolutionNode = FALSE
	EndGlobalSection
	GlobalSection(ExtensibilityGlobals) = postSolution
		SolutionGuid = {024A29A3-A8DE-480C-8525-535D3ABB65E8}
	EndGlobalSection
EndGlobal
